// !$*UTF8*$!
{
	archiveVersion = 1;
	classes = {
	};
	objectVersion = 51;
	objects = {

/* Begin PBXBuildFile section */
		20132B90290D7BCF00F68697 /* RSA.m in Sources */ = {isa = PBXBuildFile; fileRef = 20132B8E290D7BCE00F68697 /* RSA.m */; };
		20132B93290E1A5E00F68697 /* LoginModel.swift in Sources */ = {isa = PBXBuildFile; fileRef = 20132B92290E1A5E00F68697 /* LoginModel.swift */; };
		201846272903DD1D007B7C22 /* UIColor+Extension.swift in Sources */ = {isa = PBXBuildFile; fileRef = 201846262903DD1D007B7C22 /* UIColor+Extension.swift */; };
		201A5B512911F4B20035DA76 /* GGDataManager.swift in Sources */ = {isa = PBXBuildFile; fileRef = 201A5B502911F4B20035DA76 /* GGDataManager.swift */; };
		201C7CB3258DD0A80081BF3E /* AppDelegate.swift in Sources */ = {isa = PBXBuildFile; fileRef = 201C7CB2258DD0A80081BF3E /* AppDelegate.swift */; };
		201C7CB5258DD0A80081BF3E /* SceneDelegate.swift in Sources */ = {isa = PBXBuildFile; fileRef = 201C7CB4258DD0A80081BF3E /* SceneDelegate.swift */; };
		201C7CB7258DD0A80081BF3E /* ViewController.swift in Sources */ = {isa = PBXBuildFile; fileRef = 201C7CB6258DD0A80081BF3E /* ViewController.swift */; };
		201C7CBA258DD0A90081BF3E /* Main.storyboard in Resources */ = {isa = PBXBuildFile; fileRef = 201C7CB8258DD0A90081BF3E /* Main.storyboard */; };
		201C7CBC258DD0C00081BF3E /* Assets.xcassets in Resources */ = {isa = PBXBuildFile; fileRef = 201C7CBB258DD0C00081BF3E /* Assets.xcassets */; };
		201C7CBF258DD0C00081BF3E /* LaunchScreen.storyboard in Resources */ = {isa = PBXBuildFile; fileRef = 201C7CBD258DD0C00081BF3E /* LaunchScreen.storyboard */; };
		201C7CCA258DD0C10081BF3E /* SwiftGGTests.swift in Sources */ = {isa = PBXBuildFile; fileRef = 201C7CC9258DD0C10081BF3E /* SwiftGGTests.swift */; };
		201C7CD5258DD0C10081BF3E /* SwiftGGUITests.swift in Sources */ = {isa = PBXBuildFile; fileRef = 201C7CD4258DD0C10081BF3E /* SwiftGGUITests.swift */; };
		2025547E25A4A4D700776700 /* RefreshView.swift in Sources */ = {isa = PBXBuildFile; fileRef = 2025547D25A4A4D700776700 /* RefreshView.swift */; };
		2025548A25A4A5E100776700 /* MJRefreshVC.swift in Sources */ = {isa = PBXBuildFile; fileRef = 2025548925A4A5E100776700 /* MJRefreshVC.swift */; };
		202C2ACF2909796900388081 /* GGWebViewController.swift in Sources */ = {isa = PBXBuildFile; fileRef = 202C2ACE2909796900388081 /* GGWebViewController.swift */; };
		202C2AD1290ADA2500388081 /* GGWeakHandler.swift in Sources */ = {isa = PBXBuildFile; fileRef = 202C2AD0290ADA2500388081 /* GGWeakHandler.swift */; };
		202FEEDE292E66D3001D7FEA /* GGMeCell1.swift in Sources */ = {isa = PBXBuildFile; fileRef = 202FEEDD292E66D3001D7FEA /* GGMeCell1.swift */; };
		202FEEE0292E6B0F001D7FEA /* GGMeCell2.swift in Sources */ = {isa = PBXBuildFile; fileRef = 202FEEDF292E6B0F001D7FEA /* GGMeCell2.swift */; };
		204BB1CF2931B47A003C4BA8 /* GGSetViewController.swift in Sources */ = {isa = PBXBuildFile; fileRef = 204BB1CE2931B47A003C4BA8 /* GGSetViewController.swift */; };
		204BB1D12933581A003C4BA8 /* GGSetCell.swift in Sources */ = {isa = PBXBuildFile; fileRef = 204BB1D02933581A003C4BA8 /* GGSetCell.swift */; };
		204BB1D329335FE8003C4BA8 /* GGSetModel.swift in Sources */ = {isa = PBXBuildFile; fileRef = 204BB1D229335FE8003C4BA8 /* GGSetModel.swift */; };
		204BB1D629336253003C4BA8 /* GGSetViewModel.swift in Sources */ = {isa = PBXBuildFile; fileRef = 204BB1D529336253003C4BA8 /* GGSetViewModel.swift */; };
		204BC985259782000014C96B /* UIView+Extension.swift in Sources */ = {isa = PBXBuildFile; fileRef = 204BC984259782000014C96B /* UIView+Extension.swift */; };
		20536B502937057900DE204F /* UIBarButtonItem+Extenstion.swift in Sources */ = {isa = PBXBuildFile; fileRef = 20536B4F2937057900DE204F /* UIBarButtonItem+Extenstion.swift */; };
		20536B5229378C9C00DE204F /* GGMeViewModel.swift in Sources */ = {isa = PBXBuildFile; fileRef = 20536B5129378C9C00DE204F /* GGMeViewModel.swift */; };
		20536B542937951500DE204F /* GGMeModel.swift in Sources */ = {isa = PBXBuildFile; fileRef = 20536B532937951500DE204F /* GGMeModel.swift */; };
		205F4F5E292D197A00113D5F /* GGMeHeaderView.swift in Sources */ = {isa = PBXBuildFile; fileRef = 205F4F5D292D197A00113D5F /* GGMeHeaderView.swift */; };
		205F4F60292D1E8D00113D5F /* GGHeaderModel.swift in Sources */ = {isa = PBXBuildFile; fileRef = 205F4F5F292D1E8D00113D5F /* GGHeaderModel.swift */; };
		2084F057290E63EA002F47C3 /* LoginDomainListVC.swift in Sources */ = {isa = PBXBuildFile; fileRef = 2084F056290E63E9002F47C3 /* LoginDomainListVC.swift */; };
		2084F059290E669C002F47C3 /* LoginDomainCell.swift in Sources */ = {isa = PBXBuildFile; fileRef = 2084F058290E669C002F47C3 /* LoginDomainCell.swift */; };
		20B5AA6029002C5100208992 /* BaseNavigationController.swift in Sources */ = {isa = PBXBuildFile; fileRef = 20B5AA5F29002C5100208992 /* BaseNavigationController.swift */; };
		20B5AA6229002DC900208992 /* BaseTabBarController.swift in Sources */ = {isa = PBXBuildFile; fileRef = 20B5AA6129002DC900208992 /* BaseTabBarController.swift */; };
		20B5AA672900334200208992 /* HomeViewController.swift in Sources */ = {isa = PBXBuildFile; fileRef = 20B5AA662900334200208992 /* HomeViewController.swift */; };
		20B5AA692900335400208992 /* ChatViewController.swift in Sources */ = {isa = PBXBuildFile; fileRef = 20B5AA682900335400208992 /* ChatViewController.swift */; };
		20B5AA6B2900336600208992 /* CloudViewController.swift in Sources */ = {isa = PBXBuildFile; fileRef = 20B5AA6A2900336600208992 /* CloudViewController.swift */; };
		20B5AA6D2900337400208992 /* MeViewController.swift in Sources */ = {isa = PBXBuildFile; fileRef = 20B5AA6C2900337400208992 /* MeViewController.swift */; };
		20B5AA6F2900369300208992 /* BaseVC.swift in Sources */ = {isa = PBXBuildFile; fileRef = 20B5AA6E2900369300208992 /* BaseVC.swift */; };
		20B5AA712900381C00208992 /* RootViewController.swift in Sources */ = {isa = PBXBuildFile; fileRef = 20B5AA702900381C00208992 /* RootViewController.swift */; };
		20B5AA772900483000208992 /* Constant.swift in Sources */ = {isa = PBXBuildFile; fileRef = 20B5AA762900483000208992 /* Constant.swift */; };
		20B83BC82904DD020007A64B /* GGTextFiledView.swift in Sources */ = {isa = PBXBuildFile; fileRef = 20B83BC72904DD020007A64B /* GGTextFiledView.swift */; };
		20B83BCC290549200007A64B /* GGRegular.swift in Sources */ = {isa = PBXBuildFile; fileRef = 20B83BCB290549200007A64B /* GGRegular.swift */; };
		20BF400725AA02AE004DEF31 /* LoginViewController.swift in Sources */ = {isa = PBXBuildFile; fileRef = 20BF400525AA02AE004DEF31 /* LoginViewController.swift */; };
		20CE172329149AF1001F946A /* GGTools.swift in Sources */ = {isa = PBXBuildFile; fileRef = 20CE172229149AF1001F946A /* GGTools.swift */; };
		20D64B9C29176D3700B44F38 /* SMSViewController.swift in Sources */ = {isa = PBXBuildFile; fileRef = 20D64B9B29176D3700B44F38 /* SMSViewController.swift */; };
		20D64B9E2917711B00B44F38 /* SMSView.swift in Sources */ = {isa = PBXBuildFile; fileRef = 20D64B9D2917711B00B44F38 /* SMSView.swift */; };
		20DDD5C125AB37F1002E5E00 /* LoginRecommCollCell.swift in Sources */ = {isa = PBXBuildFile; fileRef = 20DDD5BF25AB37F1002E5E00 /* LoginRecommCollCell.swift */; };
		20DDD5C225AB37F1002E5E00 /* LoginRecommCollCell.xib in Resources */ = {isa = PBXBuildFile; fileRef = 20DDD5C025AB37F1002E5E00 /* LoginRecommCollCell.xib */; };
		20DDD5C725AB38AE002E5E00 /* LoginRecomModel.swift in Sources */ = {isa = PBXBuildFile; fileRef = 20DDD5C625AB38AE002E5E00 /* LoginRecomModel.swift */; };
		20DDD5D025AB41C0002E5E00 /* NetworkTool.swift in Sources */ = {isa = PBXBuildFile; fileRef = 20DDD5CF25AB41BF002E5E00 /* NetworkTool.swift */; };
		20F2650C2903981B00DFCB43 /* LoginVC.swift in Sources */ = {isa = PBXBuildFile; fileRef = 20F2650B2903981B00DFCB43 /* LoginVC.swift */; };
		20F2650E2903986700DFCB43 /* RegisterVC.swift in Sources */ = {isa = PBXBuildFile; fileRef = 20F2650D2903986700DFCB43 /* RegisterVC.swift */; };
		20F4E84B25A9F7A1004F2FC5 /* LoginViewController.xib in Resources */ = {isa = PBXBuildFile; fileRef = 20F4E84925A9F7A1004F2FC5 /* LoginViewController.xib */; };
		8B4C6C1E07DF1C940B6004C9 /* Pods_SwiftGG.framework in Frameworks */ = {isa = PBXBuildFile; fileRef = 63352F6435AE7D20A66FA1FE /* Pods_SwiftGG.framework */; };
/* End PBXBuildFile section */

/* Begin PBXContainerItemProxy section */
		201C7CC6258DD0C10081BF3E /* PBXContainerItemProxy */ = {
			isa = PBXContainerItemProxy;
			containerPortal = 201C7CA7258DD0A80081BF3E /* Project object */;
			proxyType = 1;
			remoteGlobalIDString = 201C7CAE258DD0A80081BF3E;
			remoteInfo = SwiftGG;
		};
		201C7CD1258DD0C10081BF3E /* PBXContainerItemProxy */ = {
			isa = PBXContainerItemProxy;
			containerPortal = 201C7CA7258DD0A80081BF3E /* Project object */;
			proxyType = 1;
			remoteGlobalIDString = 201C7CAE258DD0A80081BF3E;
			remoteInfo = SwiftGG;
		};
/* End PBXContainerItemProxy section */

/* Begin PBXFileReference section */
		20132B8E290D7BCE00F68697 /* RSA.m */ = {isa = PBXFileReference; fileEncoding = 4; lastKnownFileType = sourcecode.c.objc; path = RSA.m; sourceTree = "<group>"; };
		20132B8F290D7BCE00F68697 /* RSA.h */ = {isa = PBXFileReference; fileEncoding = 4; lastKnownFileType = sourcecode.c.h; path = RSA.h; sourceTree = "<group>"; };
		20132B92290E1A5E00F68697 /* LoginModel.swift */ = {isa = PBXFileReference; lastKnownFileType = sourcecode.swift; path = LoginModel.swift; sourceTree = "<group>"; };
		201846262903DD1D007B7C22 /* UIColor+Extension.swift */ = {isa = PBXFileReference; lastKnownFileType = sourcecode.swift; path = "UIColor+Extension.swift"; sourceTree = "<group>"; };
		201A5B502911F4B20035DA76 /* GGDataManager.swift */ = {isa = PBXFileReference; lastKnownFileType = sourcecode.swift; path = GGDataManager.swift; sourceTree = "<group>"; };
		201C7CAF258DD0A80081BF3E /* SwiftGG.app */ = {isa = PBXFileReference; explicitFileType = wrapper.application; includeInIndex = 0; path = SwiftGG.app; sourceTree = BUILT_PRODUCTS_DIR; };
		201C7CB2258DD0A80081BF3E /* AppDelegate.swift */ = {isa = PBXFileReference; lastKnownFileType = sourcecode.swift; path = AppDelegate.swift; sourceTree = "<group>"; };
		201C7CB4258DD0A80081BF3E /* SceneDelegate.swift */ = {isa = PBXFileReference; lastKnownFileType = sourcecode.swift; path = SceneDelegate.swift; sourceTree = "<group>"; };
		201C7CB6258DD0A80081BF3E /* ViewController.swift */ = {isa = PBXFileReference; lastKnownFileType = sourcecode.swift; path = ViewController.swift; sourceTree = "<group>"; };
		201C7CB9258DD0A90081BF3E /* Base */ = {isa = PBXFileReference; lastKnownFileType = file.storyboard; name = Base; path = Base.lproj/Main.storyboard; sourceTree = "<group>"; };
		201C7CBB258DD0C00081BF3E /* Assets.xcassets */ = {isa = PBXFileReference; lastKnownFileType = folder.assetcatalog; path = Assets.xcassets; sourceTree = "<group>"; };
		201C7CBE258DD0C00081BF3E /* Base */ = {isa = PBXFileReference; lastKnownFileType = file.storyboard; name = Base; path = Base.lproj/LaunchScreen.storyboard; sourceTree = "<group>"; };
		201C7CC0258DD0C00081BF3E /* Info.plist */ = {isa = PBXFileReference; lastKnownFileType = text.plist.xml; path = Info.plist; sourceTree = "<group>"; };
		201C7CC5258DD0C10081BF3E /* SwiftGGTests.xctest */ = {isa = PBXFileReference; explicitFileType = wrapper.cfbundle; includeInIndex = 0; path = SwiftGGTests.xctest; sourceTree = BUILT_PRODUCTS_DIR; };
		201C7CC9258DD0C10081BF3E /* SwiftGGTests.swift */ = {isa = PBXFileReference; lastKnownFileType = sourcecode.swift; path = SwiftGGTests.swift; sourceTree = "<group>"; };
		201C7CCB258DD0C10081BF3E /* Info.plist */ = {isa = PBXFileReference; lastKnownFileType = text.plist.xml; path = Info.plist; sourceTree = "<group>"; };
		201C7CD0258DD0C10081BF3E /* SwiftGGUITests.xctest */ = {isa = PBXFileReference; explicitFileType = wrapper.cfbundle; includeInIndex = 0; path = SwiftGGUITests.xctest; sourceTree = BUILT_PRODUCTS_DIR; };
		201C7CD4258DD0C10081BF3E /* SwiftGGUITests.swift */ = {isa = PBXFileReference; lastKnownFileType = sourcecode.swift; path = SwiftGGUITests.swift; sourceTree = "<group>"; };
		201C7CD6258DD0C10081BF3E /* Info.plist */ = {isa = PBXFileReference; lastKnownFileType = text.plist.xml; path = Info.plist; sourceTree = "<group>"; };
		2025547D25A4A4D700776700 /* RefreshView.swift */ = {isa = PBXFileReference; lastKnownFileType = sourcecode.swift; path = RefreshView.swift; sourceTree = "<group>"; };
		2025548225A4A53300776700 /* Header.h */ = {isa = PBXFileReference; lastKnownFileType = sourcecode.c.h; path = Header.h; sourceTree = "<group>"; };
		2025548925A4A5E100776700 /* MJRefreshVC.swift */ = {isa = PBXFileReference; lastKnownFileType = sourcecode.swift; path = MJRefreshVC.swift; sourceTree = "<group>"; };
		202C2ACE2909796900388081 /* GGWebViewController.swift */ = {isa = PBXFileReference; lastKnownFileType = sourcecode.swift; path = GGWebViewController.swift; sourceTree = "<group>"; };
		202C2AD0290ADA2500388081 /* GGWeakHandler.swift */ = {isa = PBXFileReference; lastKnownFileType = sourcecode.swift; path = GGWeakHandler.swift; sourceTree = "<group>"; };
		202FEEDD292E66D3001D7FEA /* GGMeCell1.swift */ = {isa = PBXFileReference; lastKnownFileType = sourcecode.swift; path = GGMeCell1.swift; sourceTree = "<group>"; };
		202FEEDF292E6B0F001D7FEA /* GGMeCell2.swift */ = {isa = PBXFileReference; lastKnownFileType = sourcecode.swift; path = GGMeCell2.swift; sourceTree = "<group>"; };
		204BB1CE2931B47A003C4BA8 /* GGSetViewController.swift */ = {isa = PBXFileReference; lastKnownFileType = sourcecode.swift; path = GGSetViewController.swift; sourceTree = "<group>"; };
		204BB1D02933581A003C4BA8 /* GGSetCell.swift */ = {isa = PBXFileReference; lastKnownFileType = sourcecode.swift; path = GGSetCell.swift; sourceTree = "<group>"; };
		204BB1D229335FE8003C4BA8 /* GGSetModel.swift */ = {isa = PBXFileReference; lastKnownFileType = sourcecode.swift; path = GGSetModel.swift; sourceTree = "<group>"; };
		204BB1D529336253003C4BA8 /* GGSetViewModel.swift */ = {isa = PBXFileReference; lastKnownFileType = sourcecode.swift; path = GGSetViewModel.swift; sourceTree = "<group>"; };
		204BC984259782000014C96B /* UIView+Extension.swift */ = {isa = PBXFileReference; lastKnownFileType = sourcecode.swift; path = "UIView+Extension.swift"; sourceTree = "<group>"; };
		20536B4F2937057900DE204F /* UIBarButtonItem+Extenstion.swift */ = {isa = PBXFileReference; lastKnownFileType = sourcecode.swift; path = "UIBarButtonItem+Extenstion.swift"; sourceTree = "<group>"; };
		20536B5129378C9C00DE204F /* GGMeViewModel.swift */ = {isa = PBXFileReference; lastKnownFileType = sourcecode.swift; path = GGMeViewModel.swift; sourceTree = "<group>"; };
		20536B532937951500DE204F /* GGMeModel.swift */ = {isa = PBXFileReference; lastKnownFileType = sourcecode.swift; path = GGMeModel.swift; sourceTree = "<group>"; };
		205F4F5D292D197A00113D5F /* GGMeHeaderView.swift */ = {isa = PBXFileReference; lastKnownFileType = sourcecode.swift; path = GGMeHeaderView.swift; sourceTree = "<group>"; };
		205F4F5F292D1E8D00113D5F /* GGHeaderModel.swift */ = {isa = PBXFileReference; lastKnownFileType = sourcecode.swift; path = GGHeaderModel.swift; sourceTree = "<group>"; };
		2084F056290E63E9002F47C3 /* LoginDomainListVC.swift */ = {isa = PBXFileReference; lastKnownFileType = sourcecode.swift; path = LoginDomainListVC.swift; sourceTree = "<group>"; };
		2084F058290E669C002F47C3 /* LoginDomainCell.swift */ = {isa = PBXFileReference; lastKnownFileType = sourcecode.swift; path = LoginDomainCell.swift; sourceTree = "<group>"; };
		20B5AA5F29002C5100208992 /* BaseNavigationController.swift */ = {isa = PBXFileReference; lastKnownFileType = sourcecode.swift; path = BaseNavigationController.swift; sourceTree = "<group>"; };
		20B5AA6129002DC900208992 /* BaseTabBarController.swift */ = {isa = PBXFileReference; lastKnownFileType = sourcecode.swift; path = BaseTabBarController.swift; sourceTree = "<group>"; };
		20B5AA662900334200208992 /* HomeViewController.swift */ = {isa = PBXFileReference; lastKnownFileType = sourcecode.swift; path = HomeViewController.swift; sourceTree = "<group>"; };
		20B5AA682900335400208992 /* ChatViewController.swift */ = {isa = PBXFileReference; lastKnownFileType = sourcecode.swift; path = ChatViewController.swift; sourceTree = "<group>"; };
		20B5AA6A2900336600208992 /* CloudViewController.swift */ = {isa = PBXFileReference; lastKnownFileType = sourcecode.swift; path = CloudViewController.swift; sourceTree = "<group>"; };
		20B5AA6C2900337400208992 /* MeViewController.swift */ = {isa = PBXFileReference; lastKnownFileType = sourcecode.swift; path = MeViewController.swift; sourceTree = "<group>"; };
		20B5AA6E2900369300208992 /* BaseVC.swift */ = {isa = PBXFileReference; lastKnownFileType = sourcecode.swift; path = BaseVC.swift; sourceTree = "<group>"; };
		20B5AA702900381C00208992 /* RootViewController.swift */ = {isa = PBXFileReference; lastKnownFileType = sourcecode.swift; path = RootViewController.swift; sourceTree = "<group>"; };
		20B5AA762900483000208992 /* Constant.swift */ = {isa = PBXFileReference; lastKnownFileType = sourcecode.swift; path = Constant.swift; sourceTree = "<group>"; };
		20B83BC72904DD020007A64B /* GGTextFiledView.swift */ = {isa = PBXFileReference; lastKnownFileType = sourcecode.swift; path = GGTextFiledView.swift; sourceTree = "<group>"; };
		20B83BCB290549200007A64B /* GGRegular.swift */ = {isa = PBXFileReference; lastKnownFileType = sourcecode.swift; path = GGRegular.swift; sourceTree = "<group>"; };
		20BF400525AA02AE004DEF31 /* LoginViewController.swift */ = {isa = PBXFileReference; lastKnownFileType = sourcecode.swift; path = LoginViewController.swift; sourceTree = "<group>"; };
		20CE172229149AF1001F946A /* GGTools.swift */ = {isa = PBXFileReference; lastKnownFileType = sourcecode.swift; path = GGTools.swift; sourceTree = "<group>"; };
		20D64B9B29176D3700B44F38 /* SMSViewController.swift */ = {isa = PBXFileReference; lastKnownFileType = sourcecode.swift; path = SMSViewController.swift; sourceTree = "<group>"; };
		20D64B9D2917711B00B44F38 /* SMSView.swift */ = {isa = PBXFileReference; lastKnownFileType = sourcecode.swift; path = SMSView.swift; sourceTree = "<group>"; };
		20DDD5BF25AB37F1002E5E00 /* LoginRecommCollCell.swift */ = {isa = PBXFileReference; lastKnownFileType = sourcecode.swift; path = LoginRecommCollCell.swift; sourceTree = "<group>"; };
		20DDD5C025AB37F1002E5E00 /* LoginRecommCollCell.xib */ = {isa = PBXFileReference; lastKnownFileType = file.xib; path = LoginRecommCollCell.xib; sourceTree = "<group>"; };
		20DDD5C625AB38AE002E5E00 /* LoginRecomModel.swift */ = {isa = PBXFileReference; lastKnownFileType = sourcecode.swift; path = LoginRecomModel.swift; sourceTree = "<group>"; };
		20DDD5CF25AB41BF002E5E00 /* NetworkTool.swift */ = {isa = PBXFileReference; lastKnownFileType = sourcecode.swift; path = NetworkTool.swift; sourceTree = "<group>"; };
		20F2650B2903981B00DFCB43 /* LoginVC.swift */ = {isa = PBXFileReference; lastKnownFileType = sourcecode.swift; path = LoginVC.swift; sourceTree = "<group>"; };
		20F2650D2903986700DFCB43 /* RegisterVC.swift */ = {isa = PBXFileReference; lastKnownFileType = sourcecode.swift; path = RegisterVC.swift; sourceTree = "<group>"; };
		20F4E84925A9F7A1004F2FC5 /* LoginViewController.xib */ = {isa = PBXFileReference; lastKnownFileType = file.xib; path = LoginViewController.xib; sourceTree = "<group>"; };
		63352F6435AE7D20A66FA1FE /* Pods_SwiftGG.framework */ = {isa = PBXFileReference; explicitFileType = wrapper.framework; includeInIndex = 0; path = Pods_SwiftGG.framework; sourceTree = BUILT_PRODUCTS_DIR; };
		7E7F8023E9079DF74FBF478E /* Pods-SwiftGG.debug.xcconfig */ = {isa = PBXFileReference; includeInIndex = 1; lastKnownFileType = text.xcconfig; name = "Pods-SwiftGG.debug.xcconfig"; path = "Target Support Files/Pods-SwiftGG/Pods-SwiftGG.debug.xcconfig"; sourceTree = "<group>"; };
		BF5C542B9BA528C33AA1CC84 /* Pods-SwiftGG.release.xcconfig */ = {isa = PBXFileReference; includeInIndex = 1; lastKnownFileType = text.xcconfig; name = "Pods-SwiftGG.release.xcconfig"; path = "Target Support Files/Pods-SwiftGG/Pods-SwiftGG.release.xcconfig"; sourceTree = "<group>"; };
/* End PBXFileReference section */

/* Begin PBXFrameworksBuildPhase section */
		201C7CAC258DD0A80081BF3E /* Frameworks */ = {
			isa = PBXFrameworksBuildPhase;
			buildActionMask = 2147483647;
			files = (
				8B4C6C1E07DF1C940B6004C9 /* Pods_SwiftGG.framework in Frameworks */,
			);
			runOnlyForDeploymentPostprocessing = 0;
		};
		201C7CC2258DD0C10081BF3E /* Frameworks */ = {
			isa = PBXFrameworksBuildPhase;
			buildActionMask = 2147483647;
			files = (
			);
			runOnlyForDeploymentPostprocessing = 0;
		};
		201C7CCD258DD0C10081BF3E /* Frameworks */ = {
			isa = PBXFrameworksBuildPhase;
			buildActionMask = 2147483647;
			files = (
			);
			runOnlyForDeploymentPostprocessing = 0;
		};
/* End PBXFrameworksBuildPhase section */

/* Begin PBXGroup section */
		20132B8D290D7BCE00F68697 /* RSA */ = {
			isa = PBXGroup;
			children = (
				20132B8F290D7BCE00F68697 /* RSA.h */,
				20132B8E290D7BCE00F68697 /* RSA.m */,
			);
			path = RSA;
			sourceTree = "<group>";
		};
		20132B91290E1A2C00F68697 /* Model */ = {
			isa = PBXGroup;
			children = (
				20132B92290E1A5E00F68697 /* LoginModel.swift */,
			);
			path = Model;
			sourceTree = "<group>";
		};
		201A5B4F2911F48C0035DA76 /* DB */ = {
			isa = PBXGroup;
			children = (
				201A5B502911F4B20035DA76 /* GGDataManager.swift */,
			);
			path = DB;
			sourceTree = "<group>";
		};
		201C7CA6258DD0A80081BF3E = {
			isa = PBXGroup;
			children = (
				201C7CB1258DD0A80081BF3E /* SwiftGG */,
				201C7CC8258DD0C10081BF3E /* SwiftGGTests */,
				201C7CD3258DD0C10081BF3E /* SwiftGGUITests */,
				201C7CB0258DD0A80081BF3E /* Products */,
				786D9A85BBCDE7B4708EC3F3 /* Pods */,
				6C38D28C72BEDD3725C4AEAE /* Frameworks */,
			);
			sourceTree = "<group>";
		};
		201C7CB0258DD0A80081BF3E /* Products */ = {
			isa = PBXGroup;
			children = (
				201C7CAF258DD0A80081BF3E /* SwiftGG.app */,
				201C7CC5258DD0C10081BF3E /* SwiftGGTests.xctest */,
				201C7CD0258DD0C10081BF3E /* SwiftGGUITests.xctest */,
			);
			name = Products;
			sourceTree = "<group>";
		};
		201C7CB1258DD0A80081BF3E /* SwiftGG */ = {
			isa = PBXGroup;
			children = (
				20F265022902F2FA00DFCB43 /* Base */,
				20B5AA752900482000208992 /* Constant */,
				20B5AA63290032CB00208992 /* Class */,
				20DDD5CB25AB4194002E5E00 /* Network */,
				201A5B4F2911F48C0035DA76 /* DB */,
				2042E7AF25A9F2A200F8BDC4 /* Header */,
				2042E7AB25A9F28D00F8BDC4 /* Extension */,
				20B83BCA2904EA310007A64B /* Tool */,
				2042E7A225A9F20000F8BDC4 /* AppDelegate */,
				20F2650A290395E900DFCB43 /* Third */,
				20F265032903943C00DFCB43 /* Depricate */,
				201C7CBB258DD0C00081BF3E /* Assets.xcassets */,
				201C7CBD258DD0C00081BF3E /* LaunchScreen.storyboard */,
				201C7CC0258DD0C00081BF3E /* Info.plist */,
			);
			path = SwiftGG;
			sourceTree = "<group>";
		};
		201C7CC8258DD0C10081BF3E /* SwiftGGTests */ = {
			isa = PBXGroup;
			children = (
				201C7CC9258DD0C10081BF3E /* SwiftGGTests.swift */,
				201C7CCB258DD0C10081BF3E /* Info.plist */,
			);
			path = SwiftGGTests;
			sourceTree = "<group>";
		};
		201C7CD3258DD0C10081BF3E /* SwiftGGUITests */ = {
			isa = PBXGroup;
			children = (
				201C7CD4258DD0C10081BF3E /* SwiftGGUITests.swift */,
				201C7CD6258DD0C10081BF3E /* Info.plist */,
			);
			path = SwiftGGUITests;
			sourceTree = "<group>";
		};
		2042E7A125A9F1B700F8BDC4 /* MainStoryboard */ = {
			isa = PBXGroup;
			children = (
				201C7CB8258DD0A90081BF3E /* Main.storyboard */,
				201C7CB6258DD0A80081BF3E /* ViewController.swift */,
			);
			path = MainStoryboard;
			sourceTree = "<group>";
		};
		2042E7A225A9F20000F8BDC4 /* AppDelegate */ = {
			isa = PBXGroup;
			children = (
				201C7CB4258DD0A80081BF3E /* SceneDelegate.swift */,
				201C7CB2258DD0A80081BF3E /* AppDelegate.swift */,
			);
			path = AppDelegate;
			sourceTree = "<group>";
		};
		2042E7A725A9F25900F8BDC4 /* Refresh */ = {
			isa = PBXGroup;
			children = (
				2025548925A4A5E100776700 /* MJRefreshVC.swift */,
				2025547D25A4A4D700776700 /* RefreshView.swift */,
			);
			path = Refresh;
			sourceTree = "<group>";
		};
		2042E7AB25A9F28D00F8BDC4 /* Extension */ = {
			isa = PBXGroup;
			children = (
				204BC984259782000014C96B /* UIView+Extension.swift */,
				201846262903DD1D007B7C22 /* UIColor+Extension.swift */,
				20536B4F2937057900DE204F /* UIBarButtonItem+Extenstion.swift */,
			);
			path = Extension;
			sourceTree = "<group>";
		};
		2042E7AF25A9F2A200F8BDC4 /* Header */ = {
			isa = PBXGroup;
			children = (
				2025548225A4A53300776700 /* Header.h */,
			);
			path = Header;
			sourceTree = "<group>";
		};
		204BB1D42933623B003C4BA8 /* VM */ = {
			isa = PBXGroup;
			children = (
				204BB1D529336253003C4BA8 /* GGSetViewModel.swift */,
				20536B5129378C9C00DE204F /* GGMeViewModel.swift */,
			);
			path = VM;
			sourceTree = "<group>";
		};
		205F4F57292D189000113D5F /* View */ = {
			isa = PBXGroup;
			children = (
				205F4F5D292D197A00113D5F /* GGMeHeaderView.swift */,
				202FEEDD292E66D3001D7FEA /* GGMeCell1.swift */,
				202FEEDF292E6B0F001D7FEA /* GGMeCell2.swift */,
				204BB1D02933581A003C4BA8 /* GGSetCell.swift */,
			);
			path = View;
			sourceTree = "<group>";
		};
		205F4F58292D189800113D5F /* Model */ = {
			isa = PBXGroup;
			children = (
				205F4F5F292D1E8D00113D5F /* GGHeaderModel.swift */,
				204BB1D229335FE8003C4BA8 /* GGSetModel.swift */,
				20536B532937951500DE204F /* GGMeModel.swift */,
			);
			path = Model;
			sourceTree = "<group>";
		};
		205F4F59292D189D00113D5F /* VC */ = {
			isa = PBXGroup;
			children = (
				20B5AA6C2900337400208992 /* MeViewController.swift */,
				204BB1CE2931B47A003C4BA8 /* GGSetViewController.swift */,
			);
			path = VC;
			sourceTree = "<group>";
		};
		20B5AA63290032CB00208992 /* Class */ = {
			isa = PBXGroup;
			children = (
				20F265092903958700DFCB43 /* Me */,
				20F265082903957E00DFCB43 /* Cloud */,
				20F265072903956B00DFCB43 /* Chat */,
				20F265062903952300DFCB43 /* Home */,
				20F26504290394F300DFCB43 /* Login&Register */,
			);
			path = Class;
			sourceTree = "<group>";
		};
		20B5AA752900482000208992 /* Constant */ = {
			isa = PBXGroup;
			children = (
				20B5AA762900483000208992 /* Constant.swift */,
			);
			path = Constant;
			sourceTree = "<group>";
		};
		20B83BC92904DD0B0007A64B /* View */ = {
			isa = PBXGroup;
			children = (
				20B83BC72904DD020007A64B /* GGTextFiledView.swift */,
				2084F058290E669C002F47C3 /* LoginDomainCell.swift */,
				20D64B9D2917711B00B44F38 /* SMSView.swift */,
			);
			path = View;
			sourceTree = "<group>";
		};
		20B83BCA2904EA310007A64B /* Tool */ = {
			isa = PBXGroup;
			children = (
				20CE172229149AF1001F946A /* GGTools.swift */,
				20B83BCB290549200007A64B /* GGRegular.swift */,
			);
			path = Tool;
			sourceTree = "<group>";
		};
		20DDD5CB25AB4194002E5E00 /* Network */ = {
			isa = PBXGroup;
			children = (
				20DDD5CF25AB41BF002E5E00 /* NetworkTool.swift */,
			);
			path = Network;
			sourceTree = "<group>";
		};
		20F265022902F2FA00DFCB43 /* Base */ = {
			isa = PBXGroup;
			children = (
				20B5AA6E2900369300208992 /* BaseVC.swift */,
				202C2AD0290ADA2500388081 /* GGWeakHandler.swift */,
				20B5AA6129002DC900208992 /* BaseTabBarController.swift */,
				202C2ACE2909796900388081 /* GGWebViewController.swift */,
				20B5AA5F29002C5100208992 /* BaseNavigationController.swift */,
			);
			path = Base;
			sourceTree = "<group>";
		};
		20F265032903943C00DFCB43 /* Depricate */ = {
			isa = PBXGroup;
			children = (
				2042E7A125A9F1B700F8BDC4 /* MainStoryboard */,
				2042E7A725A9F25900F8BDC4 /* Refresh */,
				20F4E84625A9F78B004F2FC5 /* Login */,
			);
			path = Depricate;
			sourceTree = "<group>";
		};
		20F26504290394F300DFCB43 /* Login&Register */ = {
			isa = PBXGroup;
			children = (
				20132B91290E1A2C00F68697 /* Model */,
				20F2650B2903981B00DFCB43 /* LoginVC.swift */,
				20F2650D2903986700DFCB43 /* RegisterVC.swift */,
				2084F056290E63E9002F47C3 /* LoginDomainListVC.swift */,
				20D64B9B29176D3700B44F38 /* SMSViewController.swift */,
				20B83BC92904DD0B0007A64B /* View */,
			);
			path = "Login&Register";
			sourceTree = "<group>";
		};
		20F265062903952300DFCB43 /* Home */ = {
			isa = PBXGroup;
			children = (
				20B5AA702900381C00208992 /* RootViewController.swift */,
				20B5AA662900334200208992 /* HomeViewController.swift */,
			);
			path = Home;
			sourceTree = "<group>";
		};
		20F265072903956B00DFCB43 /* Chat */ = {
			isa = PBXGroup;
			children = (
				20B5AA682900335400208992 /* ChatViewController.swift */,
			);
			path = Chat;
			sourceTree = "<group>";
		};
		20F265082903957E00DFCB43 /* Cloud */ = {
			isa = PBXGroup;
			children = (
				20B5AA6A2900336600208992 /* CloudViewController.swift */,
			);
			path = Cloud;
			sourceTree = "<group>";
		};
		20F265092903958700DFCB43 /* Me */ = {
			isa = PBXGroup;
			children = (
				204BB1D42933623B003C4BA8 /* VM */,
				205F4F59292D189D00113D5F /* VC */,
				205F4F58292D189800113D5F /* Model */,
				205F4F57292D189000113D5F /* View */,
			);
			path = Me;
			sourceTree = "<group>";
		};
		20F2650A290395E900DFCB43 /* Third */ = {
			isa = PBXGroup;
			children = (
				20132B8D290D7BCE00F68697 /* RSA */,
			);
			path = Third;
			sourceTree = "<group>";
		};
		20F4E84625A9F78B004F2FC5 /* Login */ = {
			isa = PBXGroup;
			children = (
				20F4E84925A9F7A1004F2FC5 /* LoginViewController.xib */,
				20BF400525AA02AE004DEF31 /* LoginViewController.swift */,
				20DDD5BF25AB37F1002E5E00 /* LoginRecommCollCell.swift */,
				20DDD5C025AB37F1002E5E00 /* LoginRecommCollCell.xib */,
				20DDD5C625AB38AE002E5E00 /* LoginRecomModel.swift */,
			);
			path = Login;
			sourceTree = "<group>";
		};
		6C38D28C72BEDD3725C4AEAE /* Frameworks */ = {
			isa = PBXGroup;
			children = (
				63352F6435AE7D20A66FA1FE /* Pods_SwiftGG.framework */,
			);
			name = Frameworks;
			sourceTree = "<group>";
		};
		786D9A85BBCDE7B4708EC3F3 /* Pods */ = {
			isa = PBXGroup;
			children = (
				7E7F8023E9079DF74FBF478E /* Pods-SwiftGG.debug.xcconfig */,
				BF5C542B9BA528C33AA1CC84 /* Pods-SwiftGG.release.xcconfig */,
			);
			path = Pods;
			sourceTree = "<group>";
		};
/* End PBXGroup section */

/* Begin PBXNativeTarget section */
		201C7CAE258DD0A80081BF3E /* SwiftGG */ = {
			isa = PBXNativeTarget;
			buildConfigurationList = 201C7CD9258DD0C10081BF3E /* Build configuration list for PBXNativeTarget "SwiftGG" */;
			buildPhases = (
				4142FB2765EE0B2B3757EEC1 /* [CP] Check Pods Manifest.lock */,
				201C7CAB258DD0A80081BF3E /* Sources */,
				201C7CAC258DD0A80081BF3E /* Frameworks */,
				201C7CAD258DD0A80081BF3E /* Resources */,
				F10D704AD6CF4BF6318C3D6D /* [CP] Embed Pods Frameworks */,
			);
			buildRules = (
			);
			dependencies = (
			);
			name = SwiftGG;
			productName = SwiftGG;
			productReference = 201C7CAF258DD0A80081BF3E /* SwiftGG.app */;
			productType = "com.apple.product-type.application";
		};
		201C7CC4258DD0C10081BF3E /* SwiftGGTests */ = {
			isa = PBXNativeTarget;
			buildConfigurationList = 201C7CDC258DD0C10081BF3E /* Build configuration list for PBXNativeTarget "SwiftGGTests" */;
			buildPhases = (
				201C7CC1258DD0C10081BF3E /* Sources */,
				201C7CC2258DD0C10081BF3E /* Frameworks */,
				201C7CC3258DD0C10081BF3E /* Resources */,
			);
			buildRules = (
			);
			dependencies = (
				201C7CC7258DD0C10081BF3E /* PBXTargetDependency */,
			);
			name = SwiftGGTests;
			productName = SwiftGGTests;
			productReference = 201C7CC5258DD0C10081BF3E /* SwiftGGTests.xctest */;
			productType = "com.apple.product-type.bundle.unit-test";
		};
		201C7CCF258DD0C10081BF3E /* SwiftGGUITests */ = {
			isa = PBXNativeTarget;
			buildConfigurationList = 201C7CDF258DD0C10081BF3E /* Build configuration list for PBXNativeTarget "SwiftGGUITests" */;
			buildPhases = (
				201C7CCC258DD0C10081BF3E /* Sources */,
				201C7CCD258DD0C10081BF3E /* Frameworks */,
				201C7CCE258DD0C10081BF3E /* Resources */,
			);
			buildRules = (
			);
			dependencies = (
				201C7CD2258DD0C10081BF3E /* PBXTargetDependency */,
			);
			name = SwiftGGUITests;
			productName = SwiftGGUITests;
			productReference = 201C7CD0258DD0C10081BF3E /* SwiftGGUITests.xctest */;
			productType = "com.apple.product-type.bundle.ui-testing";
		};
/* End PBXNativeTarget section */

/* Begin PBXProject section */
		201C7CA7258DD0A80081BF3E /* Project object */ = {
			isa = PBXProject;
			attributes = {
				LastSwiftUpdateCheck = 1200;
				LastUpgradeCheck = 1200;
				TargetAttributes = {
					201C7CAE258DD0A80081BF3E = {
						CreatedOnToolsVersion = 12.0;
					};
					201C7CC4258DD0C10081BF3E = {
						CreatedOnToolsVersion = 12.0;
						TestTargetID = 201C7CAE258DD0A80081BF3E;
					};
					201C7CCF258DD0C10081BF3E = {
						CreatedOnToolsVersion = 12.0;
						TestTargetID = 201C7CAE258DD0A80081BF3E;
					};
				};
			};
			buildConfigurationList = 201C7CAA258DD0A80081BF3E /* Build configuration list for PBXProject "SwiftGG" */;
			compatibilityVersion = "Xcode 9.3";
			developmentRegion = en;
			hasScannedForEncodings = 0;
			knownRegions = (
				en,
				Base,
			);
			mainGroup = 201C7CA6258DD0A80081BF3E;
			productRefGroup = 201C7CB0258DD0A80081BF3E /* Products */;
			projectDirPath = "";
			projectRoot = "";
			targets = (
				201C7CAE258DD0A80081BF3E /* SwiftGG */,
				201C7CC4258DD0C10081BF3E /* SwiftGGTests */,
				201C7CCF258DD0C10081BF3E /* SwiftGGUITests */,
			);
		};
/* End PBXProject section */

/* Begin PBXResourcesBuildPhase section */
		201C7CAD258DD0A80081BF3E /* Resources */ = {
			isa = PBXResourcesBuildPhase;
			buildActionMask = 2147483647;
			files = (
				201C7CBF258DD0C00081BF3E /* LaunchScreen.storyboard in Resources */,
				201C7CBC258DD0C00081BF3E /* Assets.xcassets in Resources */,
				20F4E84B25A9F7A1004F2FC5 /* LoginViewController.xib in Resources */,
				20DDD5C225AB37F1002E5E00 /* LoginRecommCollCell.xib in Resources */,
				201C7CBA258DD0A90081BF3E /* Main.storyboard in Resources */,
			);
			runOnlyForDeploymentPostprocessing = 0;
		};
		201C7CC3258DD0C10081BF3E /* Resources */ = {
			isa = PBXResourcesBuildPhase;
			buildActionMask = 2147483647;
			files = (
			);
			runOnlyForDeploymentPostprocessing = 0;
		};
		201C7CCE258DD0C10081BF3E /* Resources */ = {
			isa = PBXResourcesBuildPhase;
			buildActionMask = 2147483647;
			files = (
			);
			runOnlyForDeploymentPostprocessing = 0;
		};
/* End PBXResourcesBuildPhase section */

/* Begin PBXShellScriptBuildPhase section */
		4142FB2765EE0B2B3757EEC1 /* [CP] Check Pods Manifest.lock */ = {
			isa = PBXShellScriptBuildPhase;
			buildActionMask = 2147483647;
			files = (
			);
			inputFileListPaths = (
			);
			inputPaths = (
				"${PODS_PODFILE_DIR_PATH}/Podfile.lock",
				"${PODS_ROOT}/Manifest.lock",
			);
			name = "[CP] Check Pods Manifest.lock";
			outputFileListPaths = (
			);
			outputPaths = (
				"$(DERIVED_FILE_DIR)/Pods-SwiftGG-checkManifestLockResult.txt",
			);
			runOnlyForDeploymentPostprocessing = 0;
			shellPath = /bin/sh;
			shellScript = "diff \"${PODS_PODFILE_DIR_PATH}/Podfile.lock\" \"${PODS_ROOT}/Manifest.lock\" > /dev/null\nif [ $? != 0 ] ; then\n    # print error to STDERR\n    echo \"error: The sandbox is not in sync with the Podfile.lock. Run 'pod install' or update your CocoaPods installation.\" >&2\n    exit 1\nfi\n# This output is used by Xcode 'outputs' to avoid re-running this script phase.\necho \"SUCCESS\" > \"${SCRIPT_OUTPUT_FILE_0}\"\n";
			showEnvVarsInLog = 0;
		};
		F10D704AD6CF4BF6318C3D6D /* [CP] Embed Pods Frameworks */ = {
			isa = PBXShellScriptBuildPhase;
			buildActionMask = 2147483647;
			files = (
			);
			inputFileListPaths = (
				"${PODS_ROOT}/Target Support Files/Pods-SwiftGG/Pods-SwiftGG-frameworks-${CONFIGURATION}-input-files.xcfilelist",
			);
			name = "[CP] Embed Pods Frameworks";
			outputFileListPaths = (
				"${PODS_ROOT}/Target Support Files/Pods-SwiftGG/Pods-SwiftGG-frameworks-${CONFIGURATION}-output-files.xcfilelist",
			);
			runOnlyForDeploymentPostprocessing = 0;
			shellPath = /bin/sh;
			shellScript = "\"${PODS_ROOT}/Target Support Files/Pods-SwiftGG/Pods-SwiftGG-frameworks.sh\"\n";
			showEnvVarsInLog = 0;
		};
/* End PBXShellScriptBuildPhase section */

/* Begin PBXSourcesBuildPhase section */
		201C7CAB258DD0A80081BF3E /* Sources */ = {
			isa = PBXSourcesBuildPhase;
			buildActionMask = 2147483647;
			files = (
				202C2AD1290ADA2500388081 /* GGWeakHandler.swift in Sources */,
				20132B93290E1A5E00F68697 /* LoginModel.swift in Sources */,
				20536B5229378C9C00DE204F /* GGMeViewModel.swift in Sources */,
				20D64B9C29176D3700B44F38 /* SMSViewController.swift in Sources */,
				204BB1D329335FE8003C4BA8 /* GGSetModel.swift in Sources */,
				2025547E25A4A4D700776700 /* RefreshView.swift in Sources */,
				20B5AA6229002DC900208992 /* BaseTabBarController.swift in Sources */,
				20B83BCC290549200007A64B /* GGRegular.swift in Sources */,
				202FEEE0292E6B0F001D7FEA /* GGMeCell2.swift in Sources */,
				20B5AA6F2900369300208992 /* BaseVC.swift in Sources */,
				201846272903DD1D007B7C22 /* UIColor+Extension.swift in Sources */,
				20CE172329149AF1001F946A /* GGTools.swift in Sources */,
				2084F059290E669C002F47C3 /* LoginDomainCell.swift in Sources */,
				202C2ACF2909796900388081 /* GGWebViewController.swift in Sources */,
				20536B502937057900DE204F /* UIBarButtonItem+Extenstion.swift in Sources */,
				201C7CB7258DD0A80081BF3E /* ViewController.swift in Sources */,
				20B83BC82904DD020007A64B /* GGTextFiledView.swift in Sources */,
				20DDD5C125AB37F1002E5E00 /* LoginRecommCollCell.swift in Sources */,
				20F2650E2903986700DFCB43 /* RegisterVC.swift in Sources */,
				204BB1CF2931B47A003C4BA8 /* GGSetViewController.swift in Sources */,
				20536B542937951500DE204F /* GGMeModel.swift in Sources */,
				20B5AA772900483000208992 /* Constant.swift in Sources */,
				202FEEDE292E66D3001D7FEA /* GGMeCell1.swift in Sources */,
				20D64B9E2917711B00B44F38 /* SMSView.swift in Sources */,
				204BB1D12933581A003C4BA8 /* GGSetCell.swift in Sources */,
				20B5AA692900335400208992 /* ChatViewController.swift in Sources */,
				205F4F60292D1E8D00113D5F /* GGHeaderModel.swift in Sources */,
				204BC985259782000014C96B /* UIView+Extension.swift in Sources */,
				20B5AA6D2900337400208992 /* MeViewController.swift in Sources */,
				20F2650C2903981B00DFCB43 /* LoginVC.swift in Sources */,
				20B5AA6B2900336600208992 /* CloudViewController.swift in Sources */,
				20DDD5D025AB41C0002E5E00 /* NetworkTool.swift in Sources */,
				20B5AA712900381C00208992 /* RootViewController.swift in Sources */,
				201C7CB3258DD0A80081BF3E /* AppDelegate.swift in Sources */,
				205F4F5E292D197A00113D5F /* GGMeHeaderView.swift in Sources */,
				20B5AA672900334200208992 /* HomeViewController.swift in Sources */,
				204BB1D629336253003C4BA8 /* GGSetViewModel.swift in Sources */,
				20BF400725AA02AE004DEF31 /* LoginViewController.swift in Sources */,
				201C7CB5258DD0A80081BF3E /* SceneDelegate.swift in Sources */,
				20B5AA6029002C5100208992 /* BaseNavigationController.swift in Sources */,
				2084F057290E63EA002F47C3 /* LoginDomainListVC.swift in Sources */,
				20132B90290D7BCF00F68697 /* RSA.m in Sources */,
				2025548A25A4A5E100776700 /* MJRefreshVC.swift in Sources */,
				20DDD5C725AB38AE002E5E00 /* LoginRecomModel.swift in Sources */,
				201A5B512911F4B20035DA76 /* GGDataManager.swift in Sources */,
			);
			runOnlyForDeploymentPostprocessing = 0;
		};
		201C7CC1258DD0C10081BF3E /* Sources */ = {
			isa = PBXSourcesBuildPhase;
			buildActionMask = 2147483647;
			files = (
				201C7CCA258DD0C10081BF3E /* SwiftGGTests.swift in Sources */,
			);
			runOnlyForDeploymentPostprocessing = 0;
		};
		201C7CCC258DD0C10081BF3E /* Sources */ = {
			isa = PBXSourcesBuildPhase;
			buildActionMask = 2147483647;
			files = (
				201C7CD5258DD0C10081BF3E /* SwiftGGUITests.swift in Sources */,
			);
			runOnlyForDeploymentPostprocessing = 0;
		};
/* End PBXSourcesBuildPhase section */

/* Begin PBXTargetDependency section */
		201C7CC7258DD0C10081BF3E /* PBXTargetDependency */ = {
			isa = PBXTargetDependency;
			target = 201C7CAE258DD0A80081BF3E /* SwiftGG */;
			targetProxy = 201C7CC6258DD0C10081BF3E /* PBXContainerItemProxy */;
		};
		201C7CD2258DD0C10081BF3E /* PBXTargetDependency */ = {
			isa = PBXTargetDependency;
			target = 201C7CAE258DD0A80081BF3E /* SwiftGG */;
			targetProxy = 201C7CD1258DD0C10081BF3E /* PBXContainerItemProxy */;
		};
/* End PBXTargetDependency section */

/* Begin PBXVariantGroup section */
		201C7CB8258DD0A90081BF3E /* Main.storyboard */ = {
			isa = PBXVariantGroup;
			children = (
				201C7CB9258DD0A90081BF3E /* Base */,
			);
			name = Main.storyboard;
			sourceTree = "<group>";
		};
		201C7CBD258DD0C00081BF3E /* LaunchScreen.storyboard */ = {
			isa = PBXVariantGroup;
			children = (
				201C7CBE258DD0C00081BF3E /* Base */,
			);
			name = LaunchScreen.storyboard;
			sourceTree = "<group>";
		};
/* End PBXVariantGroup section */

/* Begin XCBuildConfiguration section */
		201C7CD7258DD0C10081BF3E /* Debug */ = {
			isa = XCBuildConfiguration;
			buildSettings = {
				ALWAYS_SEARCH_USER_PATHS = NO;
				CLANG_ANALYZER_NONNULL = YES;
				CLANG_ANALYZER_NUMBER_OBJECT_CONVERSION = YES_AGGRESSIVE;
				CLANG_CXX_LANGUAGE_STANDARD = "gnu++14";
				CLANG_CXX_LIBRARY = "libc++";
				CLANG_ENABLE_MODULES = YES;
				CLANG_ENABLE_OBJC_ARC = YES;
				CLANG_ENABLE_OBJC_WEAK = YES;
				CLANG_WARN_BLOCK_CAPTURE_AUTORELEASING = YES;
				CLANG_WARN_BOOL_CONVERSION = YES;
				CLANG_WARN_COMMA = YES;
				CLANG_WARN_CONSTANT_CONVERSION = YES;
				CLANG_WARN_DEPRECATED_OBJC_IMPLEMENTATIONS = YES;
				CLANG_WARN_DIRECT_OBJC_ISA_USAGE = YES_ERROR;
				CLANG_WARN_DOCUMENTATION_COMMENTS = YES;
				CLANG_WARN_EMPTY_BODY = YES;
				CLANG_WARN_ENUM_CONVERSION = YES;
				CLANG_WARN_INFINITE_RECURSION = YES;
				CLANG_WARN_INT_CONVERSION = YES;
				CLANG_WARN_NON_LITERAL_NULL_CONVERSION = YES;
				CLANG_WARN_OBJC_IMPLICIT_RETAIN_SELF = YES;
				CLANG_WARN_OBJC_LITERAL_CONVERSION = YES;
				CLANG_WARN_OBJC_ROOT_CLASS = YES_ERROR;
				CLANG_WARN_QUOTED_INCLUDE_IN_FRAMEWORK_HEADER = YES;
				CLANG_WARN_RANGE_LOOP_ANALYSIS = YES;
				CLANG_WARN_STRICT_PROTOTYPES = YES;
				CLANG_WARN_SUSPICIOUS_MOVE = YES;
				CLANG_WARN_UNGUARDED_AVAILABILITY = YES_AGGRESSIVE;
				CLANG_WARN_UNREACHABLE_CODE = YES;
				CLANG_WARN__DUPLICATE_METHOD_MATCH = YES;
				COPY_PHASE_STRIP = NO;
				DEBUG_INFORMATION_FORMAT = dwarf;
				ENABLE_STRICT_OBJC_MSGSEND = YES;
				ENABLE_TESTABILITY = YES;
				GCC_C_LANGUAGE_STANDARD = gnu11;
				GCC_DYNAMIC_NO_PIC = NO;
				GCC_NO_COMMON_BLOCKS = YES;
				GCC_OPTIMIZATION_LEVEL = 0;
				GCC_PREPROCESSOR_DEFINITIONS = (
					"DEBUG=1",
					"$(inherited)",
				);
				GCC_WARN_64_TO_32_BIT_CONVERSION = YES;
				GCC_WARN_ABOUT_RETURN_TYPE = YES_ERROR;
				GCC_WARN_UNDECLARED_SELECTOR = YES;
				GCC_WARN_UNINITIALIZED_AUTOS = YES_AGGRESSIVE;
				GCC_WARN_UNUSED_FUNCTION = YES;
				GCC_WARN_UNUSED_VARIABLE = YES;
				IPHONEOS_DEPLOYMENT_TARGET = 12.0;
				MTL_ENABLE_DEBUG_INFO = INCLUDE_SOURCE;
				MTL_FAST_MATH = YES;
				ONLY_ACTIVE_ARCH = YES;
				SDKROOT = iphoneos;
				SWIFT_ACTIVE_COMPILATION_CONDITIONS = DEBUG;
				SWIFT_OBJC_BRIDGING_HEADER = "/Users/stoicer/Project/SwiftGG/SwiftGG/Header/SwiftGG-Bridging-Header.h";
				SWIFT_OPTIMIZATION_LEVEL = "-Onone";
			};
			name = Debug;
		};
		201C7CD8258DD0C10081BF3E /* Release */ = {
			isa = XCBuildConfiguration;
			buildSettings = {
				ALWAYS_SEARCH_USER_PATHS = NO;
				CLANG_ANALYZER_NONNULL = YES;
				CLANG_ANALYZER_NUMBER_OBJECT_CONVERSION = YES_AGGRESSIVE;
				CLANG_CXX_LANGUAGE_STANDARD = "gnu++14";
				CLANG_CXX_LIBRARY = "libc++";
				CLANG_ENABLE_MODULES = YES;
				CLANG_ENABLE_OBJC_ARC = YES;
				CLANG_ENABLE_OBJC_WEAK = YES;
				CLANG_WARN_BLOCK_CAPTURE_AUTORELEASING = YES;
				CLANG_WARN_BOOL_CONVERSION = YES;
				CLANG_WARN_COMMA = YES;
				CLANG_WARN_CONSTANT_CONVERSION = YES;
				CLANG_WARN_DEPRECATED_OBJC_IMPLEMENTATIONS = YES;
				CLANG_WARN_DIRECT_OBJC_ISA_USAGE = YES_ERROR;
				CLANG_WARN_DOCUMENTATION_COMMENTS = YES;
				CLANG_WARN_EMPTY_BODY = YES;
				CLANG_WARN_ENUM_CONVERSION = YES;
				CLANG_WARN_INFINITE_RECURSION = YES;
				CLANG_WARN_INT_CONVERSION = YES;
				CLANG_WARN_NON_LITERAL_NULL_CONVERSION = YES;
				CLANG_WARN_OBJC_IMPLICIT_RETAIN_SELF = YES;
				CLANG_WARN_OBJC_LITERAL_CONVERSION = YES;
				CLANG_WARN_OBJC_ROOT_CLASS = YES_ERROR;
				CLANG_WARN_QUOTED_INCLUDE_IN_FRAMEWORK_HEADER = YES;
				CLANG_WARN_RANGE_LOOP_ANALYSIS = YES;
				CLANG_WARN_STRICT_PROTOTYPES = YES;
				CLANG_WARN_SUSPICIOUS_MOVE = YES;
				CLANG_WARN_UNGUARDED_AVAILABILITY = YES_AGGRESSIVE;
				CLANG_WARN_UNREACHABLE_CODE = YES;
				CLANG_WARN__DUPLICATE_METHOD_MATCH = YES;
				COPY_PHASE_STRIP = NO;
				DEBUG_INFORMATION_FORMAT = "dwarf-with-dsym";
				ENABLE_NS_ASSERTIONS = NO;
				ENABLE_STRICT_OBJC_MSGSEND = YES;
				GCC_C_LANGUAGE_STANDARD = gnu11;
				GCC_NO_COMMON_BLOCKS = YES;
				GCC_WARN_64_TO_32_BIT_CONVERSION = YES;
				GCC_WARN_ABOUT_RETURN_TYPE = YES_ERROR;
				GCC_WARN_UNDECLARED_SELECTOR = YES;
				GCC_WARN_UNINITIALIZED_AUTOS = YES_AGGRESSIVE;
				GCC_WARN_UNUSED_FUNCTION = YES;
				GCC_WARN_UNUSED_VARIABLE = YES;
				IPHONEOS_DEPLOYMENT_TARGET = 12.0;
				MTL_ENABLE_DEBUG_INFO = NO;
				MTL_FAST_MATH = YES;
				SDKROOT = iphoneos;
				SWIFT_COMPILATION_MODE = wholemodule;
				SWIFT_OBJC_BRIDGING_HEADER = "/Users/stoicer/Project/SwiftGG/SwiftGG/Header/SwiftGG-Bridging-Header.h";
				SWIFT_OPTIMIZATION_LEVEL = "-O";
				VALIDATE_PRODUCT = YES;
			};
			name = Release;
		};
		201C7CDA258DD0C10081BF3E /* Debug */ = {
			isa = XCBuildConfiguration;
			baseConfigurationReference = 7E7F8023E9079DF74FBF478E /* Pods-SwiftGG.debug.xcconfig */;
			buildSettings = {
				ASSETCATALOG_COMPILER_APPICON_NAME = AppIcon;
				ASSETCATALOG_COMPILER_GLOBAL_ACCENT_COLOR_NAME = AccentColor;
				CODE_SIGN_STYLE = Automatic;
				DEVELOPMENT_TEAM = M6GS78L4BR;
				INFOPLIST_FILE = SwiftGG/Info.plist;
				IPHONEOS_DEPLOYMENT_TARGET = 13.0;
				LD_RUNPATH_SEARCH_PATHS = (
					"$(inherited)",
					"@executable_path/Frameworks",
				);
				PRODUCT_BUNDLE_IDENTIFIER = happy.com.qqzone.SwiftGG;
				PRODUCT_NAME = "$(TARGET_NAME)";
				SWIFT_OBJC_BRIDGING_HEADER = "${SRC_ROOT}SwiftGG/Header/Header.h";
				SWIFT_VERSION = 5.0;
				TARGETED_DEVICE_FAMILY = "1,2";
			};
			name = Debug;
		};
		201C7CDB258DD0C10081BF3E /* Release */ = {
			isa = XCBuildConfiguration;
			baseConfigurationReference = BF5C542B9BA528C33AA1CC84 /* Pods-SwiftGG.release.xcconfig */;
			buildSettings = {
				ASSETCATALOG_COMPILER_APPICON_NAME = AppIcon;
				ASSETCATALOG_COMPILER_GLOBAL_ACCENT_COLOR_NAME = AccentColor;
				CODE_SIGN_STYLE = Automatic;
				DEVELOPMENT_TEAM = M6GS78L4BR;
				INFOPLIST_FILE = SwiftGG/Info.plist;
				IPHONEOS_DEPLOYMENT_TARGET = 13.0;
				LD_RUNPATH_SEARCH_PATHS = (
					"$(inherited)",
					"@executable_path/Frameworks",
				);
				PRODUCT_BUNDLE_IDENTIFIER = happy.com.qqzone.SwiftGG;
				PRODUCT_NAME = "$(TARGET_NAME)";
				SWIFT_OBJC_BRIDGING_HEADER = "${SRC_ROOT}SwiftGG/Header/Header.h";
				SWIFT_VERSION = 5.0;
				TARGETED_DEVICE_FAMILY = "1,2";
			};
			name = Release;
		};
		201C7CDD258DD0C10081BF3E /* Debug */ = {
			isa = XCBuildConfiguration;
			buildSettings = {
				ALWAYS_EMBED_SWIFT_STANDARD_LIBRARIES = YES;
				BUNDLE_LOADER = "$(TEST_HOST)";
				CODE_SIGN_STYLE = Automatic;
				DEVELOPMENT_TEAM = M6GS78L4BR;
				INFOPLIST_FILE = SwiftGGTests/Info.plist;
				IPHONEOS_DEPLOYMENT_TARGET = 14.0;
				LD_RUNPATH_SEARCH_PATHS = (
					"$(inherited)",
					"@executable_path/Frameworks",
					"@loader_path/Frameworks",
				);
				PRODUCT_BUNDLE_IDENTIFIER = happy.com.qqzone.SwiftGGTests;
				PRODUCT_NAME = "$(TARGET_NAME)";
				SWIFT_VERSION = 5.0;
				TARGETED_DEVICE_FAMILY = "1,2";
				TEST_HOST = "$(BUILT_PRODUCTS_DIR)/SwiftGG.app/SwiftGG";
			};
			name = Debug;
		};
		201C7CDE258DD0C10081BF3E /* Release */ = {
			isa = XCBuildConfiguration;
			buildSettings = {
				ALWAYS_EMBED_SWIFT_STANDARD_LIBRARIES = YES;
				BUNDLE_LOADER = "$(TEST_HOST)";
				CODE_SIGN_STYLE = Automatic;
				DEVELOPMENT_TEAM = M6GS78L4BR;
				INFOPLIST_FILE = SwiftGGTests/Info.plist;
				IPHONEOS_DEPLOYMENT_TARGET = 14.0;
				LD_RUNPATH_SEARCH_PATHS = (
					"$(inherited)",
					"@executable_path/Frameworks",
					"@loader_path/Frameworks",
				);
				PRODUCT_BUNDLE_IDENTIFIER = happy.com.qqzone.SwiftGGTests;
				PRODUCT_NAME = "$(TARGET_NAME)";
				SWIFT_VERSION = 5.0;
				TARGETED_DEVICE_FAMILY = "1,2";
				TEST_HOST = "$(BUILT_PRODUCTS_DIR)/SwiftGG.app/SwiftGG";
			};
			name = Release;
		};
		201C7CE0258DD0C10081BF3E /* Debug */ = {
			isa = XCBuildConfiguration;
			buildSettings = {
				ALWAYS_EMBED_SWIFT_STANDARD_LIBRARIES = YES;
				CODE_SIGN_STYLE = Automatic;
				DEVELOPMENT_TEAM = M6GS78L4BR;
				INFOPLIST_FILE = SwiftGGUITests/Info.plist;
				LD_RUNPATH_SEARCH_PATHS = (
					"$(inherited)",
					"@executable_path/Frameworks",
					"@loader_path/Frameworks",
				);
				PRODUCT_BUNDLE_IDENTIFIER = happy.com.qqzone.SwiftGGUITests;
				PRODUCT_NAME = "$(TARGET_NAME)";
				SWIFT_VERSION = 5.0;
				TARGETED_DEVICE_FAMILY = "1,2";
				TEST_TARGET_NAME = SwiftGG;
			};
			name = Debug;
		};
		201C7CE1258DD0C10081BF3E /* Release */ = {
			isa = XCBuildConfiguration;
			buildSettings = {
				ALWAYS_EMBED_SWIFT_STANDARD_LIBRARIES = YES;
				CODE_SIGN_STYLE = Automatic;
				DEVELOPMENT_TEAM = M6GS78L4BR;
				INFOPLIST_FILE = SwiftGGUITests/Info.plist;
				LD_RUNPATH_SEARCH_PATHS = (
					"$(inherited)",
					"@executable_path/Frameworks",
					"@loader_path/Frameworks",
				);
				PRODUCT_BUNDLE_IDENTIFIER = happy.com.qqzone.SwiftGGUITests;
				PRODUCT_NAME = "$(TARGET_NAME)";
				SWIFT_VERSION = 5.0;
				TARGETED_DEVICE_FAMILY = "1,2";
				TEST_TARGET_NAME = SwiftGG;
			};
			name = Release;
		};
/* End XCBuildConfiguration section */

/* Begin XCConfigurationList section */
		201C7CAA258DD0A80081BF3E /* Build configuration list for PBXProject "SwiftGG" */ = {
			isa = XCConfigurationList;
			buildConfigurations = (
				201C7CD7258DD0C10081BF3E /* Debug */,
				201C7CD8258DD0C10081BF3E /* Release */,
			);
			defaultConfigurationIsVisible = 0;
			defaultConfigurationName = Release;
		};
		201C7CD9258DD0C10081BF3E /* Build configuration list for PBXNativeTarget "SwiftGG" */ = {
			isa = XCConfigurationList;
			buildConfigurations = (
				201C7CDA258DD0C10081BF3E /* Debug */,
				201C7CDB258DD0C10081BF3E /* Release */,
			);
			defaultConfigurationIsVisible = 0;
			defaultConfigurationName = Release;
		};
		201C7CDC258DD0C10081BF3E /* Build configuration list for PBXNativeTarget "SwiftGGTests" */ = {
			isa = XCConfigurationList;
			buildConfigurations = (
				201C7CDD258DD0C10081BF3E /* Debug */,
				201C7CDE258DD0C10081BF3E /* Release */,
			);
			defaultConfigurationIsVisible = 0;
			defaultConfigurationName = Release;
		};
		201C7CDF258DD0C10081BF3E /* Build configuration list for PBXNativeTarget "SwiftGGUITests" */ = {
			isa = XCConfigurationList;
			buildConfigurations = (
				201C7CE0258DD0C10081BF3E /* Debug */,
				201C7CE1258DD0C10081BF3E /* Release */,
			);
			defaultConfigurationIsVisible = 0;
			defaultConfigurationName = Release;
		};
/* End XCConfigurationList section */
	};
	rootObject = 201C7CA7258DD0A80081BF3E /* Project object */;
}
